
Microsoft Visual Studio Solution File, Format Version 12.00
# Visual Studio 15
VisualStudioVersion = 15.0.28307.1433
MinimumVisualStudioVersion = 10.0.40219.1
Project("{FAE04EC0-301F-11D3-BF4B-00C04F79EFBC}") = "MagmaSpravki", "MagmaSpravki\MagmaSpravki.csproj", "{2FC3D12D-D5E6-4217-B48F-4134944944FE}"
EndProject
Global
	GlobalSection(SolutionConfigurationPlatforms) = preSolution
		Debug|Any CPU = Debug|Any CPU
		Release|Any CPU = Release|Any CPU
	EndGlobalSection
	GlobalSection(ProjectConfigurationPlatforms) = postSolution
		{2FC3D12D-D5E6-4217-B48F-4134944944FE}.Debug|Any CPU.ActiveCfg = Debug|Any CPU
		{2FC3D12D-D5E6-4217-B48F-4134944944FE}.Debug|Any CPU.Build.0 = Debug|Any CPU
		{2FC3D12D-D5E6-4217-B48F-4134944944FE}.Release|Any CPU.ActiveCfg = Release|Any CPU
		{2FC3D12D-D5E6-4217-B48F-4134944944FE}.Release|Any CPU.Build.0 = Release|Any CPU
	EndGlobalSection
	GlobalSection(SolutionProperties) = preSolution
		HideSolutionNode = FALSE
	EndGlobalSection
	GlobalSection(ExtensibilityGlobals) = postSolution
		SolutionGuid = {8F8E1CAF-3A1B-4633-AF7E-9C41EA4E657F}
	EndGlobalSection
EndGlobal
